
Microsoft Visual Studio Solution File, Format Version 12.00
# Visual Studio Version 17
VisualStudioVersion = 17.2.32630.192
MinimumVisualStudioVersion = 10.0.40219.1
Project("{FAE04EC0-301F-11D3-BF4B-00C04F79EFBC}") = "BruceComfyMods", "BruceComfyMods\BruceComfyMods.csproj", "{470731B3-A09D-4EA5-8319-A6E3C6F22B92}"
EndProject
Global
	GlobalSection(SolutionConfigurationPlatforms) = preSolution
		Debug|Any CPU = Debug|Any CPU
		Release|Any CPU = Release|Any CPU
	EndGlobalSection
	GlobalSection(ProjectConfigurationPlatforms) = postSolution
		{470731B3-A09D-4EA5-8319-A6E3C6F22B92}.Debug|Any CPU.ActiveCfg = Debug|Any CPU
		{470731B3-A09D-4EA5-8319-A6E3C6F22B92}.Debug|Any CPU.Build.0 = Debug|Any CPU
		{470731B3-A09D-4EA5-8319-A6E3C6F22B92}.Release|Any CPU.ActiveCfg = Release|Any CPU
		{470731B3-A09D-4EA5-8319-A6E3C6F22B92}.Release|Any CPU.Build.0 = Release|Any CPU
	EndGlobalSection
	GlobalSection(SolutionProperties) = preSolution
		HideSolutionNode = FALSE
	EndGlobalSection
	GlobalSection(ExtensibilityGlobals) = postSolution
		SolutionGuid = {C137FB9D-19E9-42AD-9F13-39F6E5557DAF}
	EndGlobalSection
EndGlobal
