
Microsoft Visual Studio Solution File, Format Version 12.00
# Visual Studio Version 17
VisualStudioVersion = 17.2.32630.192
MinimumVisualStudioVersion = 10.0.40219.1
Project("{2150E333-8FDC-42A3-9474-1A3956D46DE8}") = "Solution Items", "Solution Items", "{9755886C-EC87-42FE-8C80-FA10072B2C9E}"
	ProjectSection(SolutionItems) = preProject
		.editorconfig = .editorconfig
	EndProjectSection
EndProject
Project("{FAE04EC0-301F-11D3-BF4B-00C04F79EFBC}") = "ComfyAddAllFuel", "ComfyAddAllFuel\ComfyAddAllFuel.csproj", "{52BE6D2B-DAF1-446A-88A5-1C2E02280B51}"
EndProject
Project("{FAE04EC0-301F-11D3-BF4B-00C04F79EFBC}") = "ComfyBatchDeposit", "ComfyBatchDeposit\ComfyBatchDeposit.csproj", "{709E5AF0-05C2-4322-8D30-80819C68D4F6}"
EndProject
Project("{FAE04EC0-301F-11D3-BF4B-00C04F79EFBC}") = "ComfyQuickSlots", "ComfyQuickSlots\ComfyQuickSlots.csproj", "{08D30E30-98BA-4364-8410-F0D2534129BA}"
EndProject
Project("{FAE04EC0-301F-11D3-BF4B-00C04F79EFBC}") = "DumpsterFire", "DumpsterFire\DumpsterFire.csproj", "{A7E8302F-84EB-4BBF-8430-9773C5B8997A}"
EndProject
Project("{FAE04EC0-301F-11D3-BF4B-00C04F79EFBC}") = "AssemblyLine", "AssemblyLine\AssemblyLine.csproj", "{36A1739A-1B97-41DD-A553-CB6423DF9A2A}"
EndProject
Project("{FAE04EC0-301F-11D3-BF4B-00C04F79EFBC}") = "Aurality", "Aurality\Aurality.csproj", "{8A9AFF6E-2DAC-460B-9ACE-A00F3ABDA91E}"
EndProject
Project("{FAE04EC0-301F-11D3-BF4B-00C04F79EFBC}") = "LensCap", "LensCap\LensCap.csproj", "{D007E381-1B64-452F-A77C-3B00E047D2BA}"
EndProject
Project("{FAE04EC0-301F-11D3-BF4B-00C04F79EFBC}") = "VerticallyChallenged", "VerticallyChallenged\VerticallyChallenged.csproj", "{C5CCF48B-12BA-4067-9900-6242682D9D28}"
EndProject
Project("{FAE04EC0-301F-11D3-BF4B-00C04F79EFBC}") = "QuietWindmills", "QuietWindmills\QuietWindmills.csproj", "{49B13487-567F-43E7-BF7D-75E840AF59CA}"
EndProject
Project("{FAE04EC0-301F-11D3-BF4B-00C04F79EFBC}") = "Abacus", "Abacus\Abacus.csproj", "{158EF1A3-A2BF-42EC-8CBD-100D38EE792A}"
EndProject
Project("{FAE04EC0-301F-11D3-BF4B-00C04F79EFBC}") = "ComfyGizmo", "ComfyGizmo\ComfyGizmo.csproj", "{83D75858-7663-4C9B-ABEF-75FFD7E692E0}"
EndProject
Project("{FAE04EC0-301F-11D3-BF4B-00C04F79EFBC}") = "Hygge", "Hygge\Hygge.csproj", "{E57E6CF6-5849-4472-8848-85950388F318}"
EndProject
Project("{FAE04EC0-301F-11D3-BF4B-00C04F79EFBC}") = "Enigma", "Enigma\Enigma.csproj", "{D299B19D-F0AB-4EA3-8663-4F43581F35AC}"
EndProject
Project("{FAE04EC0-301F-11D3-BF4B-00C04F79EFBC}") = "HomieHeadcount", "HomieHeadcount\HomieHeadcount.csproj", "{5F809D81-4375-4F75-B502-9172A452BB18}"
EndProject
Project("{FAE04EC0-301F-11D3-BF4B-00C04F79EFBC}") = "Pintervention", "Pintervention\Pintervention.csproj", "{334130A7-42B2-4177-A221-CEDF40D6899D}"
EndProject
Project("{FAE04EC0-301F-11D3-BF4B-00C04F79EFBC}") = "PlantThings", "PlantThings\PlantThings.csproj", "{DEAF4438-8089-40ED-8175-398E1261D45B}"
EndProject
Global
	GlobalSection(SolutionConfigurationPlatforms) = preSolution
		Debug|Any CPU = Debug|Any CPU
		Release|Any CPU = Release|Any CPU
	EndGlobalSection
	GlobalSection(ProjectConfigurationPlatforms) = postSolution
		{52BE6D2B-DAF1-446A-88A5-1C2E02280B51}.Debug|Any CPU.ActiveCfg = Debug|Any CPU
		{52BE6D2B-DAF1-446A-88A5-1C2E02280B51}.Debug|Any CPU.Build.0 = Debug|Any CPU
		{52BE6D2B-DAF1-446A-88A5-1C2E02280B51}.Release|Any CPU.ActiveCfg = Release|Any CPU
		{52BE6D2B-DAF1-446A-88A5-1C2E02280B51}.Release|Any CPU.Build.0 = Release|Any CPU
		{709E5AF0-05C2-4322-8D30-80819C68D4F6}.Debug|Any CPU.ActiveCfg = Debug|Any CPU
		{709E5AF0-05C2-4322-8D30-80819C68D4F6}.Debug|Any CPU.Build.0 = Debug|Any CPU
		{709E5AF0-05C2-4322-8D30-80819C68D4F6}.Release|Any CPU.ActiveCfg = Release|Any CPU
		{709E5AF0-05C2-4322-8D30-80819C68D4F6}.Release|Any CPU.Build.0 = Release|Any CPU
		{08D30E30-98BA-4364-8410-F0D2534129BA}.Debug|Any CPU.ActiveCfg = Debug|Any CPU
		{08D30E30-98BA-4364-8410-F0D2534129BA}.Debug|Any CPU.Build.0 = Debug|Any CPU
		{08D30E30-98BA-4364-8410-F0D2534129BA}.Release|Any CPU.ActiveCfg = Release|Any CPU
		{08D30E30-98BA-4364-8410-F0D2534129BA}.Release|Any CPU.Build.0 = Release|Any CPU
		{A7E8302F-84EB-4BBF-8430-9773C5B8997A}.Debug|Any CPU.ActiveCfg = Debug|Any CPU
		{A7E8302F-84EB-4BBF-8430-9773C5B8997A}.Debug|Any CPU.Build.0 = Debug|Any CPU
		{A7E8302F-84EB-4BBF-8430-9773C5B8997A}.Release|Any CPU.ActiveCfg = Release|Any CPU
		{A7E8302F-84EB-4BBF-8430-9773C5B8997A}.Release|Any CPU.Build.0 = Release|Any CPU
		{36A1739A-1B97-41DD-A553-CB6423DF9A2A}.Debug|Any CPU.ActiveCfg = Debug|Any CPU
		{36A1739A-1B97-41DD-A553-CB6423DF9A2A}.Debug|Any CPU.Build.0 = Debug|Any CPU
		{36A1739A-1B97-41DD-A553-CB6423DF9A2A}.Release|Any CPU.ActiveCfg = Release|Any CPU
		{36A1739A-1B97-41DD-A553-CB6423DF9A2A}.Release|Any CPU.Build.0 = Release|Any CPU
		{8A9AFF6E-2DAC-460B-9ACE-A00F3ABDA91E}.Debug|Any CPU.ActiveCfg = Debug|Any CPU
		{8A9AFF6E-2DAC-460B-9ACE-A00F3ABDA91E}.Debug|Any CPU.Build.0 = Debug|Any CPU
		{8A9AFF6E-2DAC-460B-9ACE-A00F3ABDA91E}.Release|Any CPU.ActiveCfg = Release|Any CPU
		{8A9AFF6E-2DAC-460B-9ACE-A00F3ABDA91E}.Release|Any CPU.Build.0 = Release|Any CPU
		{D007E381-1B64-452F-A77C-3B00E047D2BA}.Debug|Any CPU.ActiveCfg = Debug|Any CPU
		{D007E381-1B64-452F-A77C-3B00E047D2BA}.Debug|Any CPU.Build.0 = Debug|Any CPU
		{D007E381-1B64-452F-A77C-3B00E047D2BA}.Release|Any CPU.ActiveCfg = Release|Any CPU
		{D007E381-1B64-452F-A77C-3B00E047D2BA}.Release|Any CPU.Build.0 = Release|Any CPU
		{C5CCF48B-12BA-4067-9900-6242682D9D28}.Debug|Any CPU.ActiveCfg = Debug|Any CPU
		{C5CCF48B-12BA-4067-9900-6242682D9D28}.Debug|Any CPU.Build.0 = Debug|Any CPU
		{C5CCF48B-12BA-4067-9900-6242682D9D28}.Release|Any CPU.ActiveCfg = Release|Any CPU
		{C5CCF48B-12BA-4067-9900-6242682D9D28}.Release|Any CPU.Build.0 = Release|Any CPU
		{49B13487-567F-43E7-BF7D-75E840AF59CA}.Debug|Any CPU.ActiveCfg = Debug|Any CPU
		{49B13487-567F-43E7-BF7D-75E840AF59CA}.Debug|Any CPU.Build.0 = Debug|Any CPU
		{49B13487-567F-43E7-BF7D-75E840AF59CA}.Release|Any CPU.ActiveCfg = Release|Any CPU
		{49B13487-567F-43E7-BF7D-75E840AF59CA}.Release|Any CPU.Build.0 = Release|Any CPU
		{158EF1A3-A2BF-42EC-8CBD-100D38EE792A}.Debug|Any CPU.ActiveCfg = Debug|Any CPU
		{158EF1A3-A2BF-42EC-8CBD-100D38EE792A}.Debug|Any CPU.Build.0 = Debug|Any CPU
		{158EF1A3-A2BF-42EC-8CBD-100D38EE792A}.Release|Any CPU.ActiveCfg = Release|Any CPU
		{158EF1A3-A2BF-42EC-8CBD-100D38EE792A}.Release|Any CPU.Build.0 = Release|Any CPU
		{83D75858-7663-4C9B-ABEF-75FFD7E692E0}.Debug|Any CPU.ActiveCfg = Debug|Any CPU
		{83D75858-7663-4C9B-ABEF-75FFD7E692E0}.Debug|Any CPU.Build.0 = Debug|Any CPU
		{83D75858-7663-4C9B-ABEF-75FFD7E692E0}.Release|Any CPU.ActiveCfg = Release|Any CPU
		{83D75858-7663-4C9B-ABEF-75FFD7E692E0}.Release|Any CPU.Build.0 = Release|Any CPU
		{E57E6CF6-5849-4472-8848-85950388F318}.Debug|Any CPU.ActiveCfg = Debug|Any CPU
		{E57E6CF6-5849-4472-8848-85950388F318}.Debug|Any CPU.Build.0 = Debug|Any CPU
		{E57E6CF6-5849-4472-8848-85950388F318}.Release|Any CPU.ActiveCfg = Release|Any CPU
		{E57E6CF6-5849-4472-8848-85950388F318}.Release|Any CPU.Build.0 = Release|Any CPU
		{D299B19D-F0AB-4EA3-8663-4F43581F35AC}.Debug|Any CPU.ActiveCfg = Debug|Any CPU
		{D299B19D-F0AB-4EA3-8663-4F43581F35AC}.Debug|Any CPU.Build.0 = Debug|Any CPU
		{D299B19D-F0AB-4EA3-8663-4F43581F35AC}.Release|Any CPU.ActiveCfg = Release|Any CPU
		{D299B19D-F0AB-4EA3-8663-4F43581F35AC}.Release|Any CPU.Build.0 = Release|Any CPU
		{5F809D81-4375-4F75-B502-9172A452BB18}.Debug|Any CPU.ActiveCfg = Debug|Any CPU
		{5F809D81-4375-4F75-B502-9172A452BB18}.Debug|Any CPU.Build.0 = Debug|Any CPU
		{5F809D81-4375-4F75-B502-9172A452BB18}.Release|Any CPU.ActiveCfg = Release|Any CPU
		{5F809D81-4375-4F75-B502-9172A452BB18}.Release|Any CPU.Build.0 = Release|Any CPU
		{334130A7-42B2-4177-A221-CEDF40D6899D}.Debug|Any CPU.ActiveCfg = Debug|Any CPU
		{334130A7-42B2-4177-A221-CEDF40D6899D}.Debug|Any CPU.Build.0 = Debug|Any CPU
		{334130A7-42B2-4177-A221-CEDF40D6899D}.Release|Any CPU.ActiveCfg = Release|Any CPU
		{334130A7-42B2-4177-A221-CEDF40D6899D}.Release|Any CPU.Build.0 = Release|Any CPU
		{DEAF4438-8089-40ED-8175-398E1261D45B}.Debug|Any CPU.ActiveCfg = Debug|Any CPU
		{DEAF4438-8089-40ED-8175-398E1261D45B}.Debug|Any CPU.Build.0 = Debug|Any CPU
		{DEAF4438-8089-40ED-8175-398E1261D45B}.Release|Any CPU.ActiveCfg = Release|Any CPU
		{DEAF4438-8089-40ED-8175-398E1261D45B}.Release|Any CPU.Build.0 = Release|Any CPU
	EndGlobalSection
	GlobalSection(SolutionProperties) = preSolution
		HideSolutionNode = FALSE
	EndGlobalSection
	GlobalSection(ExtensibilityGlobals) = postSolution
		SolutionGuid = {C137FB9D-19E9-42AD-9F13-39F6E5557DAF}
	EndGlobalSection
EndGlobal
